
Microsoft Visual Studio Solution File, Format Version 12.00
# Visual Studio 15
VisualStudioVersion = 15.0.27703.2047
MinimumVisualStudioVersion = 10.0.40219.1
Project("{2150E333-8FDC-42A3-9474-1A3956D46DE8}") = "百度AI", "百度AI", "{FF85FC34-DC0A-44FE-A1A7-9F5B165355CB}"
EndProject
Project("{2150E333-8FDC-42A3-9474-1A3956D46DE8}") = "FaceRecognitionDotNet", "FaceRecognitionDotNet", "{D5D3ADFC-971A-46A4-9EE0-A7CB5E710CA7}"
EndProject
Project("{2150E333-8FDC-42A3-9474-1A3956D46DE8}") = "调用demo实例", "调用demo实例", "{7422D997-4362-464F-B19C-017EF2F24962}"
EndProject
Project("{FAE04EC0-301F-11D3-BF4B-00C04F79EFBC}") = "Face.CLISelf", "FaceRecognitionDotNet\CLISelf\CLISelf\Face.CLISelf.csproj", "{FBE82A30-7025-4453-B7F0-EEEE46F07039}"
EndProject
Project("{9A19103F-16F7-4668-BE54-9A1E7A4F7556}") = "DlibDotNet", "FaceRecognitionDotNet\DlibDotNet\DlibDotNet.csproj", "{F56281CB-CBB0-4B29-82F5-7711D2669331}"
EndProject
Project("{FAE04EC0-301F-11D3-BF4B-00C04F79EFBC}") = "DlibDotNet.Extensions", "FaceRecognitionDotNet\DlibDotNet.Extensions\DlibDotNet.Extensions.csproj", "{D3BFF103-53CB-46DC-A0E8-05A01E11099B}"
EndProject
Project("{9A19103F-16F7-4668-BE54-9A1E7A4F7556}") = "FaceRecognitionDotNet", "FaceRecognitionDotNet\FaceRecognitionDotNet\FaceRecognitionDotNet.csproj", "{31D1F025-4B59-49E0-BD19-1DCF1E5871D8}"
EndProject
Project("{FAE04EC0-301F-11D3-BF4B-00C04F79EFBC}") = "BaiDuFace", "BaiDuAI\BaiDuFace\BaiDuFace.csproj", "{A1D81539-AE47-410A-BB95-72D6E390B439}"
EndProject
Project("{FAE04EC0-301F-11D3-BF4B-00C04F79EFBC}") = "BaiDuOCR", "BaiDuAI\BaiDuOCR\BaiDuOCR.csproj", "{D74C3F41-7693-4DF9-ACBF-D483AD67CF95}"
EndProject
Project("{FAE04EC0-301F-11D3-BF4B-00C04F79EFBC}") = "BaiDuSpeech", "BaiDuAI\BaiDuSpeech\BaiDuSpeech.csproj", "{9CFBFB7D-ACF9-46E8-8C8E-E3766DA62E92}"
EndProject
Global
	GlobalSection(SolutionConfigurationPlatforms) = preSolution
		Debug|Any CPU = Debug|Any CPU
		Debug|x64 = Debug|x64
		Debug|x86 = Debug|x86
		DebugLinux|Any CPU = DebugLinux|Any CPU
		DebugLinux|x64 = DebugLinux|x64
		DebugLinux|x86 = DebugLinux|x86
		DebugMac|Any CPU = DebugMac|Any CPU
		DebugMac|x64 = DebugMac|x64
		DebugMac|x86 = DebugMac|x86
		Release|Any CPU = Release|Any CPU
		Release|x64 = Release|x64
		Release|x86 = Release|x86
		ReleaseLinux|Any CPU = ReleaseLinux|Any CPU
		ReleaseLinux|x64 = ReleaseLinux|x64
		ReleaseLinux|x86 = ReleaseLinux|x86
		ReleaseMac|Any CPU = ReleaseMac|Any CPU
		ReleaseMac|x64 = ReleaseMac|x64
		ReleaseMac|x86 = ReleaseMac|x86
	EndGlobalSection
	GlobalSection(ProjectConfigurationPlatforms) = postSolution
		{FBE82A30-7025-4453-B7F0-EEEE46F07039}.Debug|Any CPU.ActiveCfg = Debug|Any CPU
		{FBE82A30-7025-4453-B7F0-EEEE46F07039}.Debug|Any CPU.Build.0 = Debug|Any CPU
		{FBE82A30-7025-4453-B7F0-EEEE46F07039}.Debug|x64.ActiveCfg = Debug|x64
		{FBE82A30-7025-4453-B7F0-EEEE46F07039}.Debug|x64.Build.0 = Debug|x64
		{FBE82A30-7025-4453-B7F0-EEEE46F07039}.Debug|x86.ActiveCfg = Debug|x86
		{FBE82A30-7025-4453-B7F0-EEEE46F07039}.Debug|x86.Build.0 = Debug|x86
		{FBE82A30-7025-4453-B7F0-EEEE46F07039}.DebugLinux|Any CPU.ActiveCfg = Debug|Any CPU
		{FBE82A30-7025-4453-B7F0-EEEE46F07039}.DebugLinux|Any CPU.Build.0 = Debug|Any CPU
		{FBE82A30-7025-4453-B7F0-EEEE46F07039}.DebugLinux|x64.ActiveCfg = Debug|x64
		{FBE82A30-7025-4453-B7F0-EEEE46F07039}.DebugLinux|x64.Build.0 = Debug|x64
		{FBE82A30-7025-4453-B7F0-EEEE46F07039}.DebugLinux|x86.ActiveCfg = Debug|x86
		{FBE82A30-7025-4453-B7F0-EEEE46F07039}.DebugLinux|x86.Build.0 = Debug|x86
		{FBE82A30-7025-4453-B7F0-EEEE46F07039}.DebugMac|Any CPU.ActiveCfg = Debug|Any CPU
		{FBE82A30-7025-4453-B7F0-EEEE46F07039}.DebugMac|Any CPU.Build.0 = Debug|Any CPU
		{FBE82A30-7025-4453-B7F0-EEEE46F07039}.DebugMac|x64.ActiveCfg = Debug|x64
		{FBE82A30-7025-4453-B7F0-EEEE46F07039}.DebugMac|x64.Build.0 = Debug|x64
		{FBE82A30-7025-4453-B7F0-EEEE46F07039}.DebugMac|x86.ActiveCfg = Debug|x86
		{FBE82A30-7025-4453-B7F0-EEEE46F07039}.DebugMac|x86.Build.0 = Debug|x86
		{FBE82A30-7025-4453-B7F0-EEEE46F07039}.Release|Any CPU.ActiveCfg = Release|Any CPU
		{FBE82A30-7025-4453-B7F0-EEEE46F07039}.Release|Any CPU.Build.0 = Release|Any CPU
		{FBE82A30-7025-4453-B7F0-EEEE46F07039}.Release|x64.ActiveCfg = Release|x64
		{FBE82A30-7025-4453-B7F0-EEEE46F07039}.Release|x64.Build.0 = Release|x64
		{FBE82A30-7025-4453-B7F0-EEEE46F07039}.Release|x86.ActiveCfg = Release|x86
		{FBE82A30-7025-4453-B7F0-EEEE46F07039}.Release|x86.Build.0 = Release|x86
		{FBE82A30-7025-4453-B7F0-EEEE46F07039}.ReleaseLinux|Any CPU.ActiveCfg = Release|Any CPU
		{FBE82A30-7025-4453-B7F0-EEEE46F07039}.ReleaseLinux|Any CPU.Build.0 = Release|Any CPU
		{FBE82A30-7025-4453-B7F0-EEEE46F07039}.ReleaseLinux|x64.ActiveCfg = Release|x64
		{FBE82A30-7025-4453-B7F0-EEEE46F07039}.ReleaseLinux|x64.Build.0 = Release|x64
		{FBE82A30-7025-4453-B7F0-EEEE46F07039}.ReleaseLinux|x86.ActiveCfg = Release|x86
		{FBE82A30-7025-4453-B7F0-EEEE46F07039}.ReleaseLinux|x86.Build.0 = Release|x86
		{FBE82A30-7025-4453-B7F0-EEEE46F07039}.ReleaseMac|Any CPU.ActiveCfg = Release|Any CPU
		{FBE82A30-7025-4453-B7F0-EEEE46F07039}.ReleaseMac|Any CPU.Build.0 = Release|Any CPU
		{FBE82A30-7025-4453-B7F0-EEEE46F07039}.ReleaseMac|x64.ActiveCfg = Release|x64
		{FBE82A30-7025-4453-B7F0-EEEE46F07039}.ReleaseMac|x64.Build.0 = Release|x64
		{FBE82A30-7025-4453-B7F0-EEEE46F07039}.ReleaseMac|x86.ActiveCfg = Release|x86
		{FBE82A30-7025-4453-B7F0-EEEE46F07039}.ReleaseMac|x86.Build.0 = Release|x86
		{F56281CB-CBB0-4B29-82F5-7711D2669331}.Debug|Any CPU.ActiveCfg = Debug|Any CPU
		{F56281CB-CBB0-4B29-82F5-7711D2669331}.Debug|Any CPU.Build.0 = Debug|Any CPU
		{F56281CB-CBB0-4B29-82F5-7711D2669331}.Debug|x64.ActiveCfg = Debug|Any CPU
		{F56281CB-CBB0-4B29-82F5-7711D2669331}.Debug|x64.Build.0 = Debug|Any CPU
		{F56281CB-CBB0-4B29-82F5-7711D2669331}.Debug|x86.ActiveCfg = Debug|Any CPU
		{F56281CB-CBB0-4B29-82F5-7711D2669331}.Debug|x86.Build.0 = Debug|Any CPU
		{F56281CB-CBB0-4B29-82F5-7711D2669331}.DebugLinux|Any CPU.ActiveCfg = DebugLinux|Any CPU
		{F56281CB-CBB0-4B29-82F5-7711D2669331}.DebugLinux|Any CPU.Build.0 = DebugLinux|Any CPU
		{F56281CB-CBB0-4B29-82F5-7711D2669331}.DebugLinux|x64.ActiveCfg = DebugLinux|Any CPU
		{F56281CB-CBB0-4B29-82F5-7711D2669331}.DebugLinux|x64.Build.0 = DebugLinux|Any CPU
		{F56281CB-CBB0-4B29-82F5-7711D2669331}.DebugLinux|x86.ActiveCfg = DebugLinux|Any CPU
		{F56281CB-CBB0-4B29-82F5-7711D2669331}.DebugLinux|x86.Build.0 = DebugLinux|Any CPU
		{F56281CB-CBB0-4B29-82F5-7711D2669331}.DebugMac|Any CPU.ActiveCfg = DebugMac|Any CPU
		{F56281CB-CBB0-4B29-82F5-7711D2669331}.DebugMac|Any CPU.Build.0 = DebugMac|Any CPU
		{F56281CB-CBB0-4B29-82F5-7711D2669331}.DebugMac|x64.ActiveCfg = DebugMac|Any CPU
		{F56281CB-CBB0-4B29-82F5-7711D2669331}.DebugMac|x64.Build.0 = DebugMac|Any CPU
		{F56281CB-CBB0-4B29-82F5-7711D2669331}.DebugMac|x86.ActiveCfg = DebugMac|Any CPU
		{F56281CB-CBB0-4B29-82F5-7711D2669331}.DebugMac|x86.Build.0 = DebugMac|Any CPU
		{F56281CB-CBB0-4B29-82F5-7711D2669331}.Release|Any CPU.ActiveCfg = Release|Any CPU
		{F56281CB-CBB0-4B29-82F5-7711D2669331}.Release|Any CPU.Build.0 = Release|Any CPU
		{F56281CB-CBB0-4B29-82F5-7711D2669331}.Release|x64.ActiveCfg = Release|Any CPU
		{F56281CB-CBB0-4B29-82F5-7711D2669331}.Release|x64.Build.0 = Release|Any CPU
		{F56281CB-CBB0-4B29-82F5-7711D2669331}.Release|x86.ActiveCfg = Release|Any CPU
		{F56281CB-CBB0-4B29-82F5-7711D2669331}.Release|x86.Build.0 = Release|Any CPU
		{F56281CB-CBB0-4B29-82F5-7711D2669331}.ReleaseLinux|Any CPU.ActiveCfg = ReleaseLinux|Any CPU
		{F56281CB-CBB0-4B29-82F5-7711D2669331}.ReleaseLinux|Any CPU.Build.0 = ReleaseLinux|Any CPU
		{F56281CB-CBB0-4B29-82F5-7711D2669331}.ReleaseLinux|x64.ActiveCfg = ReleaseLinux|Any CPU
		{F56281CB-CBB0-4B29-82F5-7711D2669331}.ReleaseLinux|x64.Build.0 = ReleaseLinux|Any CPU
		{F56281CB-CBB0-4B29-82F5-7711D2669331}.ReleaseLinux|x86.ActiveCfg = ReleaseLinux|Any CPU
		{F56281CB-CBB0-4B29-82F5-7711D2669331}.ReleaseLinux|x86.Build.0 = ReleaseLinux|Any CPU
		{F56281CB-CBB0-4B29-82F5-7711D2669331}.ReleaseMac|Any CPU.ActiveCfg = ReleaseMac|Any CPU
		{F56281CB-CBB0-4B29-82F5-7711D2669331}.ReleaseMac|Any CPU.Build.0 = ReleaseMac|Any CPU
		{F56281CB-CBB0-4B29-82F5-7711D2669331}.ReleaseMac|x64.ActiveCfg = ReleaseMac|Any CPU
		{F56281CB-CBB0-4B29-82F5-7711D2669331}.ReleaseMac|x64.Build.0 = ReleaseMac|Any CPU
		{F56281CB-CBB0-4B29-82F5-7711D2669331}.ReleaseMac|x86.ActiveCfg = ReleaseMac|Any CPU
		{F56281CB-CBB0-4B29-82F5-7711D2669331}.ReleaseMac|x86.Build.0 = ReleaseMac|Any CPU
		{D3BFF103-53CB-46DC-A0E8-05A01E11099B}.Debug|Any CPU.ActiveCfg = Debug|Any CPU
		{D3BFF103-53CB-46DC-A0E8-05A01E11099B}.Debug|Any CPU.Build.0 = Debug|Any CPU
		{D3BFF103-53CB-46DC-A0E8-05A01E11099B}.Debug|x64.ActiveCfg = Debug|Any CPU
		{D3BFF103-53CB-46DC-A0E8-05A01E11099B}.Debug|x64.Build.0 = Debug|Any CPU
		{D3BFF103-53CB-46DC-A0E8-05A01E11099B}.Debug|x86.ActiveCfg = Debug|Any CPU
		{D3BFF103-53CB-46DC-A0E8-05A01E11099B}.Debug|x86.Build.0 = Debug|Any CPU
		{D3BFF103-53CB-46DC-A0E8-05A01E11099B}.DebugLinux|Any CPU.ActiveCfg = DebugMac|Any CPU
		{D3BFF103-53CB-46DC-A0E8-05A01E11099B}.DebugLinux|Any CPU.Build.0 = DebugMac|Any CPU
		{D3BFF103-53CB-46DC-A0E8-05A01E11099B}.DebugLinux|x64.ActiveCfg = DebugMac|Any CPU
		{D3BFF103-53CB-46DC-A0E8-05A01E11099B}.DebugLinux|x64.Build.0 = DebugMac|Any CPU
		{D3BFF103-53CB-46DC-A0E8-05A01E11099B}.DebugLinux|x86.ActiveCfg = DebugMac|Any CPU
		{D3BFF103-53CB-46DC-A0E8-05A01E11099B}.DebugLinux|x86.Build.0 = DebugMac|Any CPU
		{D3BFF103-53CB-46DC-A0E8-05A01E11099B}.DebugMac|Any CPU.ActiveCfg = DebugMac|Any CPU
		{D3BFF103-53CB-46DC-A0E8-05A01E11099B}.DebugMac|Any CPU.Build.0 = DebugMac|Any CPU
		{D3BFF103-53CB-46DC-A0E8-05A01E11099B}.DebugMac|x64.ActiveCfg = DebugMac|Any CPU
		{D3BFF103-53CB-46DC-A0E8-05A01E11099B}.DebugMac|x64.Build.0 = DebugMac|Any CPU
		{D3BFF103-53CB-46DC-A0E8-05A01E11099B}.DebugMac|x86.ActiveCfg = DebugMac|Any CPU
		{D3BFF103-53CB-46DC-A0E8-05A01E11099B}.DebugMac|x86.Build.0 = DebugMac|Any CPU
		{D3BFF103-53CB-46DC-A0E8-05A01E11099B}.Release|Any CPU.ActiveCfg = Release|Any CPU
		{D3BFF103-53CB-46DC-A0E8-05A01E11099B}.Release|Any CPU.Build.0 = Release|Any CPU
		{D3BFF103-53CB-46DC-A0E8-05A01E11099B}.Release|x64.ActiveCfg = Release|Any CPU
		{D3BFF103-53CB-46DC-A0E8-05A01E11099B}.Release|x64.Build.0 = Release|Any CPU
		{D3BFF103-53CB-46DC-A0E8-05A01E11099B}.Release|x86.ActiveCfg = Release|Any CPU
		{D3BFF103-53CB-46DC-A0E8-05A01E11099B}.Release|x86.Build.0 = Release|Any CPU
		{D3BFF103-53CB-46DC-A0E8-05A01E11099B}.ReleaseLinux|Any CPU.ActiveCfg = ReleaseMac|Any CPU
		{D3BFF103-53CB-46DC-A0E8-05A01E11099B}.ReleaseLinux|Any CPU.Build.0 = ReleaseMac|Any CPU
		{D3BFF103-53CB-46DC-A0E8-05A01E11099B}.ReleaseLinux|x64.ActiveCfg = ReleaseMac|Any CPU
		{D3BFF103-53CB-46DC-A0E8-05A01E11099B}.ReleaseLinux|x64.Build.0 = ReleaseMac|Any CPU
		{D3BFF103-53CB-46DC-A0E8-05A01E11099B}.ReleaseLinux|x86.ActiveCfg = ReleaseMac|Any CPU
		{D3BFF103-53CB-46DC-A0E8-05A01E11099B}.ReleaseLinux|x86.Build.0 = ReleaseMac|Any CPU
		{D3BFF103-53CB-46DC-A0E8-05A01E11099B}.ReleaseMac|Any CPU.ActiveCfg = ReleaseMac|Any CPU
		{D3BFF103-53CB-46DC-A0E8-05A01E11099B}.ReleaseMac|Any CPU.Build.0 = ReleaseMac|Any CPU
		{D3BFF103-53CB-46DC-A0E8-05A01E11099B}.ReleaseMac|x64.ActiveCfg = ReleaseMac|Any CPU
		{D3BFF103-53CB-46DC-A0E8-05A01E11099B}.ReleaseMac|x64.Build.0 = ReleaseMac|Any CPU
		{D3BFF103-53CB-46DC-A0E8-05A01E11099B}.ReleaseMac|x86.ActiveCfg = ReleaseMac|Any CPU
		{D3BFF103-53CB-46DC-A0E8-05A01E11099B}.ReleaseMac|x86.Build.0 = ReleaseMac|Any CPU
		{31D1F025-4B59-49E0-BD19-1DCF1E5871D8}.Debug|Any CPU.ActiveCfg = Debug|Any CPU
		{31D1F025-4B59-49E0-BD19-1DCF1E5871D8}.Debug|Any CPU.Build.0 = Debug|Any CPU
		{31D1F025-4B59-49E0-BD19-1DCF1E5871D8}.Debug|x64.ActiveCfg = Debug|Any CPU
		{31D1F025-4B59-49E0-BD19-1DCF1E5871D8}.Debug|x64.Build.0 = Debug|Any CPU
		{31D1F025-4B59-49E0-BD19-1DCF1E5871D8}.Debug|x86.ActiveCfg = Debug|Any CPU
		{31D1F025-4B59-49E0-BD19-1DCF1E5871D8}.Debug|x86.Build.0 = Debug|Any CPU
		{31D1F025-4B59-49E0-BD19-1DCF1E5871D8}.DebugLinux|Any CPU.ActiveCfg = Debug|Any CPU
		{31D1F025-4B59-49E0-BD19-1DCF1E5871D8}.DebugLinux|Any CPU.Build.0 = Debug|Any CPU
		{31D1F025-4B59-49E0-BD19-1DCF1E5871D8}.DebugLinux|x64.ActiveCfg = Debug|Any CPU
		{31D1F025-4B59-49E0-BD19-1DCF1E5871D8}.DebugLinux|x64.Build.0 = Debug|Any CPU
		{31D1F025-4B59-49E0-BD19-1DCF1E5871D8}.DebugLinux|x86.ActiveCfg = Debug|Any CPU
		{31D1F025-4B59-49E0-BD19-1DCF1E5871D8}.DebugLinux|x86.Build.0 = Debug|Any CPU
		{31D1F025-4B59-49E0-BD19-1DCF1E5871D8}.DebugMac|Any CPU.ActiveCfg = Debug|Any CPU
		{31D1F025-4B59-49E0-BD19-1DCF1E5871D8}.DebugMac|Any CPU.Build.0 = Debug|Any CPU
		{31D1F025-4B59-49E0-BD19-1DCF1E5871D8}.DebugMac|x64.ActiveCfg = Debug|Any CPU
		{31D1F025-4B59-49E0-BD19-1DCF1E5871D8}.DebugMac|x64.Build.0 = Debug|Any CPU
		{31D1F025-4B59-49E0-BD19-1DCF1E5871D8}.DebugMac|x86.ActiveCfg = Debug|Any CPU
		{31D1F025-4B59-49E0-BD19-1DCF1E5871D8}.DebugMac|x86.Build.0 = Debug|Any CPU
		{31D1F025-4B59-49E0-BD19-1DCF1E5871D8}.Release|Any CPU.ActiveCfg = Release|Any CPU
		{31D1F025-4B59-49E0-BD19-1DCF1E5871D8}.Release|Any CPU.Build.0 = Release|Any CPU
		{31D1F025-4B59-49E0-BD19-1DCF1E5871D8}.Release|x64.ActiveCfg = Release|Any CPU
		{31D1F025-4B59-49E0-BD19-1DCF1E5871D8}.Release|x64.Build.0 = Release|Any CPU
		{31D1F025-4B59-49E0-BD19-1DCF1E5871D8}.Release|x86.ActiveCfg = Release|Any CPU
		{31D1F025-4B59-49E0-BD19-1DCF1E5871D8}.Release|x86.Build.0 = Release|Any CPU
		{31D1F025-4B59-49E0-BD19-1DCF1E5871D8}.ReleaseLinux|Any CPU.ActiveCfg = Release|Any CPU
		{31D1F025-4B59-49E0-BD19-1DCF1E5871D8}.ReleaseLinux|Any CPU.Build.0 = Release|Any CPU
		{31D1F025-4B59-49E0-BD19-1DCF1E5871D8}.ReleaseLinux|x64.ActiveCfg = Release|Any CPU
		{31D1F025-4B59-49E0-BD19-1DCF1E5871D8}.ReleaseLinux|x64.Build.0 = Release|Any CPU
		{31D1F025-4B59-49E0-BD19-1DCF1E5871D8}.ReleaseLinux|x86.ActiveCfg = Release|Any CPU
		{31D1F025-4B59-49E0-BD19-1DCF1E5871D8}.ReleaseLinux|x86.Build.0 = Release|Any CPU
		{31D1F025-4B59-49E0-BD19-1DCF1E5871D8}.ReleaseMac|Any CPU.ActiveCfg = Release|Any CPU
		{31D1F025-4B59-49E0-BD19-1DCF1E5871D8}.ReleaseMac|Any CPU.Build.0 = Release|Any CPU
		{31D1F025-4B59-49E0-BD19-1DCF1E5871D8}.ReleaseMac|x64.ActiveCfg = Release|Any CPU
		{31D1F025-4B59-49E0-BD19-1DCF1E5871D8}.ReleaseMac|x64.Build.0 = Release|Any CPU
		{31D1F025-4B59-49E0-BD19-1DCF1E5871D8}.ReleaseMac|x86.ActiveCfg = Release|Any CPU
		{31D1F025-4B59-49E0-BD19-1DCF1E5871D8}.ReleaseMac|x86.Build.0 = Release|Any CPU
		{A1D81539-AE47-410A-BB95-72D6E390B439}.Debug|Any CPU.ActiveCfg = Debug|Any CPU
		{A1D81539-AE47-410A-BB95-72D6E390B439}.Debug|Any CPU.Build.0 = Debug|Any CPU
		{A1D81539-AE47-410A-BB95-72D6E390B439}.Debug|x64.ActiveCfg = Debug|Any CPU
		{A1D81539-AE47-410A-BB95-72D6E390B439}.Debug|x64.Build.0 = Debug|Any CPU
		{A1D81539-AE47-410A-BB95-72D6E390B439}.Debug|x86.ActiveCfg = Debug|Any CPU
		{A1D81539-AE47-410A-BB95-72D6E390B439}.Debug|x86.Build.0 = Debug|Any CPU
		{A1D81539-AE47-410A-BB95-72D6E390B439}.DebugLinux|Any CPU.ActiveCfg = Debug|Any CPU
		{A1D81539-AE47-410A-BB95-72D6E390B439}.DebugLinux|Any CPU.Build.0 = Debug|Any CPU
		{A1D81539-AE47-410A-BB95-72D6E390B439}.DebugLinux|x64.ActiveCfg = Debug|Any CPU
		{A1D81539-AE47-410A-BB95-72D6E390B439}.DebugLinux|x64.Build.0 = Debug|Any CPU
		{A1D81539-AE47-410A-BB95-72D6E390B439}.DebugLinux|x86.ActiveCfg = Debug|Any CPU
		{A1D81539-AE47-410A-BB95-72D6E390B439}.DebugLinux|x86.Build.0 = Debug|Any CPU
		{A1D81539-AE47-410A-BB95-72D6E390B439}.DebugMac|Any CPU.ActiveCfg = Debug|Any CPU
		{A1D81539-AE47-410A-BB95-72D6E390B439}.DebugMac|Any CPU.Build.0 = Debug|Any CPU
		{A1D81539-AE47-410A-BB95-72D6E390B439}.DebugMac|x64.ActiveCfg = Debug|Any CPU
		{A1D81539-AE47-410A-BB95-72D6E390B439}.DebugMac|x64.Build.0 = Debug|Any CPU
		{A1D81539-AE47-410A-BB95-72D6E390B439}.DebugMac|x86.ActiveCfg = Debug|Any CPU
		{A1D81539-AE47-410A-BB95-72D6E390B439}.DebugMac|x86.Build.0 = Debug|Any CPU
		{A1D81539-AE47-410A-BB95-72D6E390B439}.Release|Any CPU.ActiveCfg = Release|Any CPU
		{A1D81539-AE47-410A-BB95-72D6E390B439}.Release|Any CPU.Build.0 = Release|Any CPU
		{A1D81539-AE47-410A-BB95-72D6E390B439}.Release|x64.ActiveCfg = Release|Any CPU
		{A1D81539-AE47-410A-BB95-72D6E390B439}.Release|x64.Build.0 = Release|Any CPU
		{A1D81539-AE47-410A-BB95-72D6E390B439}.Release|x86.ActiveCfg = Release|Any CPU
		{A1D81539-AE47-410A-BB95-72D6E390B439}.Release|x86.Build.0 = Release|Any CPU
		{A1D81539-AE47-410A-BB95-72D6E390B439}.ReleaseLinux|Any CPU.ActiveCfg = Release|Any CPU
		{A1D81539-AE47-410A-BB95-72D6E390B439}.ReleaseLinux|Any CPU.Build.0 = Release|Any CPU
		{A1D81539-AE47-410A-BB95-72D6E390B439}.ReleaseLinux|x64.ActiveCfg = Release|Any CPU
		{A1D81539-AE47-410A-BB95-72D6E390B439}.ReleaseLinux|x64.Build.0 = Release|Any CPU
		{A1D81539-AE47-410A-BB95-72D6E390B439}.ReleaseLinux|x86.ActiveCfg = Release|Any CPU
		{A1D81539-AE47-410A-BB95-72D6E390B439}.ReleaseLinux|x86.Build.0 = Release|Any CPU
		{A1D81539-AE47-410A-BB95-72D6E390B439}.ReleaseMac|Any CPU.ActiveCfg = Release|Any CPU
		{A1D81539-AE47-410A-BB95-72D6E390B439}.ReleaseMac|Any CPU.Build.0 = Release|Any CPU
		{A1D81539-AE47-410A-BB95-72D6E390B439}.ReleaseMac|x64.ActiveCfg = Release|Any CPU
		{A1D81539-AE47-410A-BB95-72D6E390B439}.ReleaseMac|x64.Build.0 = Release|Any CPU
		{A1D81539-AE47-410A-BB95-72D6E390B439}.ReleaseMac|x86.ActiveCfg = Release|Any CPU
		{A1D81539-AE47-410A-BB95-72D6E390B439}.ReleaseMac|x86.Build.0 = Release|Any CPU
		{D74C3F41-7693-4DF9-ACBF-D483AD67CF95}.Debug|Any CPU.ActiveCfg = Debug|Any CPU
		{D74C3F41-7693-4DF9-ACBF-D483AD67CF95}.Debug|Any CPU.Build.0 = Debug|Any CPU
		{D74C3F41-7693-4DF9-ACBF-D483AD67CF95}.Debug|x64.ActiveCfg = Debug|Any CPU
		{D74C3F41-7693-4DF9-ACBF-D483AD67CF95}.Debug|x64.Build.0 = Debug|Any CPU
		{D74C3F41-7693-4DF9-ACBF-D483AD67CF95}.Debug|x86.ActiveCfg = Debug|Any CPU
		{D74C3F41-7693-4DF9-ACBF-D483AD67CF95}.Debug|x86.Build.0 = Debug|Any CPU
		{D74C3F41-7693-4DF9-ACBF-D483AD67CF95}.DebugLinux|Any CPU.ActiveCfg = Debug|Any CPU
		{D74C3F41-7693-4DF9-ACBF-D483AD67CF95}.DebugLinux|Any CPU.Build.0 = Debug|Any CPU
		{D74C3F41-7693-4DF9-ACBF-D483AD67CF95}.DebugLinux|x64.ActiveCfg = Debug|Any CPU
		{D74C3F41-7693-4DF9-ACBF-D483AD67CF95}.DebugLinux|x64.Build.0 = Debug|Any CPU
		{D74C3F41-7693-4DF9-ACBF-D483AD67CF95}.DebugLinux|x86.ActiveCfg = Debug|Any CPU
		{D74C3F41-7693-4DF9-ACBF-D483AD67CF95}.DebugLinux|x86.Build.0 = Debug|Any CPU
		{D74C3F41-7693-4DF9-ACBF-D483AD67CF95}.DebugMac|Any CPU.ActiveCfg = Debug|Any CPU
		{D74C3F41-7693-4DF9-ACBF-D483AD67CF95}.DebugMac|Any CPU.Build.0 = Debug|Any CPU
		{D74C3F41-7693-4DF9-ACBF-D483AD67CF95}.DebugMac|x64.ActiveCfg = Debug|Any CPU
		{D74C3F41-7693-4DF9-ACBF-D483AD67CF95}.DebugMac|x64.Build.0 = Debug|Any CPU
		{D74C3F41-7693-4DF9-ACBF-D483AD67CF95}.DebugMac|x86.ActiveCfg = Debug|Any CPU
		{D74C3F41-7693-4DF9-ACBF-D483AD67CF95}.DebugMac|x86.Build.0 = Debug|Any CPU
		{D74C3F41-7693-4DF9-ACBF-D483AD67CF95}.Release|Any CPU.ActiveCfg = Release|Any CPU
		{D74C3F41-7693-4DF9-ACBF-D483AD67CF95}.Release|Any CPU.Build.0 = Release|Any CPU
		{D74C3F41-7693-4DF9-ACBF-D483AD67CF95}.Release|x64.ActiveCfg = Release|Any CPU
		{D74C3F41-7693-4DF9-ACBF-D483AD67CF95}.Release|x64.Build.0 = Release|Any CPU
		{D74C3F41-7693-4DF9-ACBF-D483AD67CF95}.Release|x86.ActiveCfg = Release|Any CPU
		{D74C3F41-7693-4DF9-ACBF-D483AD67CF95}.Release|x86.Build.0 = Release|Any CPU
		{D74C3F41-7693-4DF9-ACBF-D483AD67CF95}.ReleaseLinux|Any CPU.ActiveCfg = Release|Any CPU
		{D74C3F41-7693-4DF9-ACBF-D483AD67CF95}.ReleaseLinux|Any CPU.Build.0 = Release|Any CPU
		{D74C3F41-7693-4DF9-ACBF-D483AD67CF95}.ReleaseLinux|x64.ActiveCfg = Release|Any CPU
		{D74C3F41-7693-4DF9-ACBF-D483AD67CF95}.ReleaseLinux|x64.Build.0 = Release|Any CPU
		{D74C3F41-7693-4DF9-ACBF-D483AD67CF95}.ReleaseLinux|x86.ActiveCfg = Release|Any CPU
		{D74C3F41-7693-4DF9-ACBF-D483AD67CF95}.ReleaseLinux|x86.Build.0 = Release|Any CPU
		{D74C3F41-7693-4DF9-ACBF-D483AD67CF95}.ReleaseMac|Any CPU.ActiveCfg = Release|Any CPU
		{D74C3F41-7693-4DF9-ACBF-D483AD67CF95}.ReleaseMac|Any CPU.Build.0 = Release|Any CPU
		{D74C3F41-7693-4DF9-ACBF-D483AD67CF95}.ReleaseMac|x64.ActiveCfg = Release|Any CPU
		{D74C3F41-7693-4DF9-ACBF-D483AD67CF95}.ReleaseMac|x64.Build.0 = Release|Any CPU
		{D74C3F41-7693-4DF9-ACBF-D483AD67CF95}.ReleaseMac|x86.ActiveCfg = Release|Any CPU
		{D74C3F41-7693-4DF9-ACBF-D483AD67CF95}.ReleaseMac|x86.Build.0 = Release|Any CPU
		{9CFBFB7D-ACF9-46E8-8C8E-E3766DA62E92}.Debug|Any CPU.ActiveCfg = Debug|Any CPU
		{9CFBFB7D-ACF9-46E8-8C8E-E3766DA62E92}.Debug|Any CPU.Build.0 = Debug|Any CPU
		{9CFBFB7D-ACF9-46E8-8C8E-E3766DA62E92}.Debug|x64.ActiveCfg = Debug|Any CPU
		{9CFBFB7D-ACF9-46E8-8C8E-E3766DA62E92}.Debug|x64.Build.0 = Debug|Any CPU
		{9CFBFB7D-ACF9-46E8-8C8E-E3766DA62E92}.Debug|x86.ActiveCfg = Debug|Any CPU
		{9CFBFB7D-ACF9-46E8-8C8E-E3766DA62E92}.Debug|x86.Build.0 = Debug|Any CPU
		{9CFBFB7D-ACF9-46E8-8C8E-E3766DA62E92}.DebugLinux|Any CPU.ActiveCfg = Debug|Any CPU
		{9CFBFB7D-ACF9-46E8-8C8E-E3766DA62E92}.DebugLinux|Any CPU.Build.0 = Debug|Any CPU
		{9CFBFB7D-ACF9-46E8-8C8E-E3766DA62E92}.DebugLinux|x64.ActiveCfg = Debug|Any CPU
		{9CFBFB7D-ACF9-46E8-8C8E-E3766DA62E92}.DebugLinux|x64.Build.0 = Debug|Any CPU
		{9CFBFB7D-ACF9-46E8-8C8E-E3766DA62E92}.DebugLinux|x86.ActiveCfg = Debug|Any CPU
		{9CFBFB7D-ACF9-46E8-8C8E-E3766DA62E92}.DebugLinux|x86.Build.0 = Debug|Any CPU
		{9CFBFB7D-ACF9-46E8-8C8E-E3766DA62E92}.DebugMac|Any CPU.ActiveCfg = Debug|Any CPU
		{9CFBFB7D-ACF9-46E8-8C8E-E3766DA62E92}.DebugMac|Any CPU.Build.0 = Debug|Any CPU
		{9CFBFB7D-ACF9-46E8-8C8E-E3766DA62E92}.DebugMac|x64.ActiveCfg = Debug|Any CPU
		{9CFBFB7D-ACF9-46E8-8C8E-E3766DA62E92}.DebugMac|x64.Build.0 = Debug|Any CPU
		{9CFBFB7D-ACF9-46E8-8C8E-E3766DA62E92}.DebugMac|x86.ActiveCfg = Debug|Any CPU
		{9CFBFB7D-ACF9-46E8-8C8E-E3766DA62E92}.DebugMac|x86.Build.0 = Debug|Any CPU
		{9CFBFB7D-ACF9-46E8-8C8E-E3766DA62E92}.Release|Any CPU.ActiveCfg = Release|Any CPU
		{9CFBFB7D-ACF9-46E8-8C8E-E3766DA62E92}.Release|Any CPU.Build.0 = Release|Any CPU
		{9CFBFB7D-ACF9-46E8-8C8E-E3766DA62E92}.Release|x64.ActiveCfg = Release|Any CPU
		{9CFBFB7D-ACF9-46E8-8C8E-E3766DA62E92}.Release|x64.Build.0 = Release|Any CPU
		{9CFBFB7D-ACF9-46E8-8C8E-E3766DA62E92}.Release|x86.ActiveCfg = Release|Any CPU
		{9CFBFB7D-ACF9-46E8-8C8E-E3766DA62E92}.Release|x86.Build.0 = Release|Any CPU
		{9CFBFB7D-ACF9-46E8-8C8E-E3766DA62E92}.ReleaseLinux|Any CPU.ActiveCfg = Release|Any CPU
		{9CFBFB7D-ACF9-46E8-8C8E-E3766DA62E92}.ReleaseLinux|Any CPU.Build.0 = Release|Any CPU
		{9CFBFB7D-ACF9-46E8-8C8E-E3766DA62E92}.ReleaseLinux|x64.ActiveCfg = Release|Any CPU
		{9CFBFB7D-ACF9-46E8-8C8E-E3766DA62E92}.ReleaseLinux|x64.Build.0 = Release|Any CPU
		{9CFBFB7D-ACF9-46E8-8C8E-E3766DA62E92}.ReleaseLinux|x86.ActiveCfg = Release|Any CPU
		{9CFBFB7D-ACF9-46E8-8C8E-E3766DA62E92}.ReleaseLinux|x86.Build.0 = Release|Any CPU
		{9CFBFB7D-ACF9-46E8-8C8E-E3766DA62E92}.ReleaseMac|Any CPU.ActiveCfg = Release|Any CPU
		{9CFBFB7D-ACF9-46E8-8C8E-E3766DA62E92}.ReleaseMac|Any CPU.Build.0 = Release|Any CPU
		{9CFBFB7D-ACF9-46E8-8C8E-E3766DA62E92}.ReleaseMac|x64.ActiveCfg = Release|Any CPU
		{9CFBFB7D-ACF9-46E8-8C8E-E3766DA62E92}.ReleaseMac|x64.Build.0 = Release|Any CPU
		{9CFBFB7D-ACF9-46E8-8C8E-E3766DA62E92}.ReleaseMac|x86.ActiveCfg = Release|Any CPU
		{9CFBFB7D-ACF9-46E8-8C8E-E3766DA62E92}.ReleaseMac|x86.Build.0 = Release|Any CPU
	EndGlobalSection
	GlobalSection(SolutionProperties) = preSolution
		HideSolutionNode = FALSE
	EndGlobalSection
	GlobalSection(NestedProjects) = preSolution
		{7422D997-4362-464F-B19C-017EF2F24962} = {D5D3ADFC-971A-46A4-9EE0-A7CB5E710CA7}
		{FBE82A30-7025-4453-B7F0-EEEE46F07039} = {7422D997-4362-464F-B19C-017EF2F24962}
		{F56281CB-CBB0-4B29-82F5-7711D2669331} = {D5D3ADFC-971A-46A4-9EE0-A7CB5E710CA7}
		{D3BFF103-53CB-46DC-A0E8-05A01E11099B} = {D5D3ADFC-971A-46A4-9EE0-A7CB5E710CA7}
		{31D1F025-4B59-49E0-BD19-1DCF1E5871D8} = {D5D3ADFC-971A-46A4-9EE0-A7CB5E710CA7}
		{A1D81539-AE47-410A-BB95-72D6E390B439} = {FF85FC34-DC0A-44FE-A1A7-9F5B165355CB}
		{D74C3F41-7693-4DF9-ACBF-D483AD67CF95} = {FF85FC34-DC0A-44FE-A1A7-9F5B165355CB}
		{9CFBFB7D-ACF9-46E8-8C8E-E3766DA62E92} = {FF85FC34-DC0A-44FE-A1A7-9F5B165355CB}
	EndGlobalSection
	GlobalSection(ExtensibilityGlobals) = postSolution
		SolutionGuid = {EE956E8F-B80A-4468-80EA-6F00EFBF68E7}
	EndGlobalSection
EndGlobal
